
Microsoft Visual Studio Solution File, Format Version 12.00
# Visual Studio Version 17
VisualStudioVersion = 17.4.33205.214
MinimumVisualStudioVersion = 10.0.40219.1
Project("{9A19103F-16F7-4668-BE54-9A1E7A4F7556}") = "TelegramChatGPTExample", "TelegramChatGPTExample\TelegramChatGPTExample.csproj", "{FF970A44-425E-4C74-B1A0-A652576A73C3}"
EndProject
Global
	GlobalSection(SolutionConfigurationPlatforms) = preSolution
		Debug|Any CPU = Debug|Any CPU
		Release|Any CPU = Release|Any CPU
	EndGlobalSection
	GlobalSection(ProjectConfigurationPlatforms) = postSolution
		{FF970A44-425E-4C74-B1A0-A652576A73C3}.Debug|Any CPU.ActiveCfg = Debug|Any CPU
		{FF970A44-425E-4C74-B1A0-A652576A73C3}.Debug|Any CPU.Build.0 = Debug|Any CPU
		{FF970A44-425E-4C74-B1A0-A652576A73C3}.Release|Any CPU.ActiveCfg = Release|Any CPU
		{FF970A44-425E-4C74-B1A0-A652576A73C3}.Release|Any CPU.Build.0 = Release|Any CPU
	EndGlobalSection
	GlobalSection(SolutionProperties) = preSolution
		HideSolutionNode = FALSE
	EndGlobalSection
	GlobalSection(ExtensibilityGlobals) = postSolution
		SolutionGuid = {B3ECB477-310D-4A08-B100-A33C0215A61D}
	EndGlobalSection
EndGlobal
